
Microsoft Visual Studio Solution File, Format Version 12.00
Project("{2150E333-8FDC-42A3-9474-1A3956D46DE8}") = "src", "src", "{1F64BFDA-91FD-46FC-8271-F4E0B6E9395E}"
EndProject
Project("{2150E333-8FDC-42A3-9474-1A3956D46DE8}") = "test", "test", "{B1890A5F-AC5B-4751-AF37-D53BD6C5A27D}"
EndProject
Project("{FAE04EC0-301F-11D3-BF4B-00C04F79EFBC}") = "Arditi.Core", "src\Arditi.Core\Arditi.Core.csproj", "{7F70C8F2-5109-4429-BD93-E582DECE4E51}"
EndProject
Project("{FAE04EC0-301F-11D3-BF4B-00C04F79EFBC}") = "Arditi.Application", "src\Arditi.Application\Arditi.Application.csproj", "{CE0D3C1C-F2A5-4274-BF79-6CD36744892A}"
EndProject
Project("{FAE04EC0-301F-11D3-BF4B-00C04F79EFBC}") = "Arditi.EntityFrameworkCore.MySQL", "src\Arditi.EntityFrameworkCore.MySQL\Arditi.EntityFrameworkCore.MySQL.csproj", "{5F2F667E-DD14-4568-AAEE-2B48E1E9BF38}"
EndProject
Project("{FAE04EC0-301F-11D3-BF4B-00C04F79EFBC}") = "Arditi.WebHost", "src\Arditi.WebHost\Arditi.WebHost.csproj", "{44F54B04-A090-4EAF-9023-9D1C5A11B5DE}"
EndProject
Project("{FAE04EC0-301F-11D3-BF4B-00C04F79EFBC}") = "Arditi.Core.Tests", "test\Arditi.Core.Tests\Arditi.Core.Tests.csproj", "{014B67F5-6979-424E-AC1A-1526E9BA3335}"
EndProject
Global
	GlobalSection(SolutionConfigurationPlatforms) = preSolution
		Debug|Any CPU = Debug|Any CPU
		Release|Any CPU = Release|Any CPU
	EndGlobalSection
	GlobalSection(NestedProjects) = preSolution
		{7F70C8F2-5109-4429-BD93-E582DECE4E51} = {1F64BFDA-91FD-46FC-8271-F4E0B6E9395E}
		{CE0D3C1C-F2A5-4274-BF79-6CD36744892A} = {1F64BFDA-91FD-46FC-8271-F4E0B6E9395E}
		{5F2F667E-DD14-4568-AAEE-2B48E1E9BF38} = {1F64BFDA-91FD-46FC-8271-F4E0B6E9395E}
		{44F54B04-A090-4EAF-9023-9D1C5A11B5DE} = {1F64BFDA-91FD-46FC-8271-F4E0B6E9395E}
		{014B67F5-6979-424E-AC1A-1526E9BA3335} = {B1890A5F-AC5B-4751-AF37-D53BD6C5A27D}
	EndGlobalSection
	GlobalSection(ProjectConfigurationPlatforms) = postSolution
		{7F70C8F2-5109-4429-BD93-E582DECE4E51}.Debug|Any CPU.ActiveCfg = Debug|Any CPU
		{7F70C8F2-5109-4429-BD93-E582DECE4E51}.Debug|Any CPU.Build.0 = Debug|Any CPU
		{7F70C8F2-5109-4429-BD93-E582DECE4E51}.Release|Any CPU.ActiveCfg = Release|Any CPU
		{7F70C8F2-5109-4429-BD93-E582DECE4E51}.Release|Any CPU.Build.0 = Release|Any CPU
		{CE0D3C1C-F2A5-4274-BF79-6CD36744892A}.Debug|Any CPU.ActiveCfg = Debug|Any CPU
		{CE0D3C1C-F2A5-4274-BF79-6CD36744892A}.Debug|Any CPU.Build.0 = Debug|Any CPU
		{CE0D3C1C-F2A5-4274-BF79-6CD36744892A}.Release|Any CPU.ActiveCfg = Release|Any CPU
		{CE0D3C1C-F2A5-4274-BF79-6CD36744892A}.Release|Any CPU.Build.0 = Release|Any CPU
		{5F2F667E-DD14-4568-AAEE-2B48E1E9BF38}.Debug|Any CPU.ActiveCfg = Debug|Any CPU
		{5F2F667E-DD14-4568-AAEE-2B48E1E9BF38}.Debug|Any CPU.Build.0 = Debug|Any CPU
		{5F2F667E-DD14-4568-AAEE-2B48E1E9BF38}.Release|Any CPU.ActiveCfg = Release|Any CPU
		{5F2F667E-DD14-4568-AAEE-2B48E1E9BF38}.Release|Any CPU.Build.0 = Release|Any CPU
		{44F54B04-A090-4EAF-9023-9D1C5A11B5DE}.Debug|Any CPU.ActiveCfg = Debug|Any CPU
		{44F54B04-A090-4EAF-9023-9D1C5A11B5DE}.Debug|Any CPU.Build.0 = Debug|Any CPU
		{44F54B04-A090-4EAF-9023-9D1C5A11B5DE}.Release|Any CPU.ActiveCfg = Release|Any CPU
		{44F54B04-A090-4EAF-9023-9D1C5A11B5DE}.Release|Any CPU.Build.0 = Release|Any CPU
		{014B67F5-6979-424E-AC1A-1526E9BA3335}.Debug|Any CPU.ActiveCfg = Debug|Any CPU
		{014B67F5-6979-424E-AC1A-1526E9BA3335}.Debug|Any CPU.Build.0 = Debug|Any CPU
		{014B67F5-6979-424E-AC1A-1526E9BA3335}.Release|Any CPU.ActiveCfg = Release|Any CPU
		{014B67F5-6979-424E-AC1A-1526E9BA3335}.Release|Any CPU.Build.0 = Release|Any CPU
	EndGlobalSection
EndGlobal
