
Microsoft Visual Studio Solution File, Format Version 12.00
Project("{2150E333-8FDC-42A3-9474-1A3956D46DE8}") = "src", "src", "{1F64BFDA-91FD-46FC-8271-F4E0B6E9395E}"
EndProject
Project("{2150E333-8FDC-42A3-9474-1A3956D46DE8}") = "Blocks", "Blocks", "{C16C5164-217A-45B1-A08A-B93A10D8DF5D}"
EndProject
Project("{FAE04EC0-301F-11D3-BF4B-00C04F79EFBC}") = "Arditi.Blocks.AspNetCore", "src\Blocks\Arditi.Blocks.AspNetCore\Arditi.Blocks.AspNetCore.csproj", "{825FC975-B6FC-425F-A4F7-DD6226FEDCA8}"
EndProject
Project("{FAE04EC0-301F-11D3-BF4B-00C04F79EFBC}") = "Arditi.Blocks.Validation", "src\Blocks\Arditi.Blocks.Validation\Arditi.Blocks.Validation.csproj", "{B742D9E6-DC2C-435B-9338-9BE204D34144}"
EndProject
Project("{FAE04EC0-301F-11D3-BF4B-00C04F79EFBC}") = "Arditi.Blocks.Core", "src\Blocks\Arditi.Blocks.Core\Arditi.Blocks.Core.csproj", "{FE16FFDA-E786-4367-87F4-D3B8B6CA4CFD}"
EndProject
Project("{FAE04EC0-301F-11D3-BF4B-00C04F79EFBC}") = "Arditi.Blocks.Application", "src\Blocks\Arditi.Blocks.Application\Arditi.Blocks.Application.csproj", "{BCD6EFB3-3CC6-489E-A525-F9D11E3A5846}"
EndProject
Project("{FAE04EC0-301F-11D3-BF4B-00C04F79EFBC}") = "Arditi.Blocks.Json", "src\Blocks\Arditi.Blocks.Json\Arditi.Blocks.Json.csproj", "{7A143359-EFF1-46FE-A643-88C669257977}"
EndProject
Project("{FAE04EC0-301F-11D3-BF4B-00C04F79EFBC}") = "Arditi.Blocks.JuheAPI", "src\Blocks\Arditi.Blocks.JuheAPI\Arditi.Blocks.JuheAPI.csproj", "{1FFEA1F2-7EE5-4D65-A23E-DD4A2BA9B4AC}"
EndProject
Project("{FAE04EC0-301F-11D3-BF4B-00C04F79EFBC}") = "Arditi.Blocks.Office", "src\Blocks\Arditi.Blocks.Office\Arditi.Blocks.Office.csproj", "{3CCE290F-9613-4646-A7E1-5022247107BE}"
EndProject
Project("{FAE04EC0-301F-11D3-BF4B-00C04F79EFBC}") = "Arditi.Blocks.Caching", "src\Blocks\Arditi.Blocks.Caching\Arditi.Blocks.Caching.csproj", "{C0091257-AE31-4BF4-ADC1-D06D1B86A54E}"
EndProject
Project("{2150E333-8FDC-42A3-9474-1A3956D46DE8}") = "Persistences", "Persistences", "{E1E84961-0E29-41B1-A886-736C210DC8BB}"
EndProject
Project("{FAE04EC0-301F-11D3-BF4B-00C04F79EFBC}") = "Arditi.Blocks.EntityFrameworkCore", "src\Blocks\Arditi.Blocks.EntityFrameworkCore\Arditi.Blocks.EntityFrameworkCore.csproj", "{CDD0CB28-1528-428B-95F0-CC88B3C9AFF7}"
EndProject
Project("{FAE04EC0-301F-11D3-BF4B-00C04F79EFBC}") = "Arditi.Blocks.DingTalk", "src\Blocks\Arditi.Blocks.DingTalk\Arditi.Blocks.DingTalk.csproj", "{CE6BCB46-C40A-4B59-A668-0B9692FF154B}"
EndProject
Project("{FAE04EC0-301F-11D3-BF4B-00C04F79EFBC}") = "Arditi.Persistences.EntityFrameworkCore", "src\Persistences\Arditi.Persistences.EntityFrameworkCore\Arditi.Persistences.EntityFrameworkCore.csproj", "{8090DC59-41FD-4C09-ABF7-DDED4CE5AC3F}"
EndProject
Project("{2150E333-8FDC-42A3-9474-1A3956D46DE8}") = "Presentations", "Presentations", "{FB09FE80-9AAF-4DE2-9C0A-1BD4D0D80648}"
EndProject
Project("{2150E333-8FDC-42A3-9474-1A3956D46DE8}") = "WebAPI", "WebAPI", "{B998F792-9F55-43CE-87E5-B92C440776A3}"
EndProject
Project("{2150E333-8FDC-42A3-9474-1A3956D46DE8}") = "test", "test", "{B1890A5F-AC5B-4751-AF37-D53BD6C5A27D}"
EndProject
Project("{FAE04EC0-301F-11D3-BF4B-00C04F79EFBC}") = "Arditi.Presentations.WebAPI.Application", "src\Presentations\WebAPI\Arditi.Presentations.WebAPI.Application\Arditi.Presentations.WebAPI.Application.csproj", "{2F7A925F-734F-4654-82A7-CCE0C62EA299}"
EndProject
Project("{FAE04EC0-301F-11D3-BF4B-00C04F79EFBC}") = "Arditi.Presentations.WebAPI.WebHost", "src\Presentations\WebAPI\Arditi.Presentations.WebAPI.WebHost\Arditi.Presentations.WebAPI.WebHost.csproj", "{A2EDC8CB-2AE1-4D3D-B35C-CC5DCE275150}"
EndProject
Project("{2150E333-8FDC-42A3-9474-1A3956D46DE8}") = "Blocks", "Blocks", "{000EDCE6-3F72-4D0F-ACCC-EBF523516D21}"
EndProject
Project("{FAE04EC0-301F-11D3-BF4B-00C04F79EFBC}") = "Arditi.Blocks.Core.Tests", "test\Blocks\Arditi.Blocks.Core.Tests\Arditi.Blocks.Core.Tests.csproj", "{50974FDE-CA31-42DD-878B-0BE0C5791219}"
EndProject
Project("{FAE04EC0-301F-11D3-BF4B-00C04F79EFBC}") = "Arditi.Blocks.BlobStoring", "src\Blocks\Arditi.Blocks.BlobStoring\Arditi.Blocks.BlobStoring.csproj", "{0BEE465C-6A01-4D5D-B51E-6F4D3EDB7F01}"
EndProject
Project("{FAE04EC0-301F-11D3-BF4B-00C04F79EFBC}") = "Arditi.Blocks.BlobStoring.Aliyun", "src\Blocks\Arditi.Blocks.BlobStoring.Aliyun\Arditi.Blocks.BlobStoring.Aliyun.csproj", "{A469664A-D588-4D65-BEE2-A18B1174C067}"
EndProject
Project("{FAE04EC0-301F-11D3-BF4B-00C04F79EFBC}") = "Arditi.Blocks.BackgroundService", "src\Blocks\Arditi.Blocks.BackgroundService\Arditi.Blocks.BackgroundService.csproj", "{7DC4A366-EFD2-4398-8424-9B0385989FD8}"
EndProject
Project("{FAE04EC0-301F-11D3-BF4B-00C04F79EFBC}") = "Arditi.Blocks.Emailing", "src\Blocks\Arditi.Blocks.Emailing\Arditi.Blocks.Emailing.csproj", "{FEE1DCA6-1EDA-4B53-BB17-EDC66277CBBB}"
EndProject
Project("{FAE04EC0-301F-11D3-BF4B-00C04F79EFBC}") = "Arditi.Blocks.Sms", "src\Blocks\Arditi.Blocks.Sms\Arditi.Blocks.Sms.csproj", "{4AF0B8DF-F7B9-4D8C-A274-2BB437E7A8C7}"
EndProject
Project("{FAE04EC0-301F-11D3-BF4B-00C04F79EFBC}") = "Arditi.Presentations.WebAPI.Core", "src\Presentations\WebAPI\Arditi.Presentations.WebAPI.Core\Arditi.Presentations.WebAPI.Core.csproj", "{559846C6-5B85-425D-903A-E418C939F2B6}"
EndProject
Global
	GlobalSection(SolutionConfigurationPlatforms) = preSolution
		Debug|Any CPU = Debug|Any CPU
		Release|Any CPU = Release|Any CPU
	EndGlobalSection
	GlobalSection(NestedProjects) = preSolution
		{C16C5164-217A-45B1-A08A-B93A10D8DF5D} = {1F64BFDA-91FD-46FC-8271-F4E0B6E9395E}
		{825FC975-B6FC-425F-A4F7-DD6226FEDCA8} = {C16C5164-217A-45B1-A08A-B93A10D8DF5D}
		{B742D9E6-DC2C-435B-9338-9BE204D34144} = {C16C5164-217A-45B1-A08A-B93A10D8DF5D}
		{FE16FFDA-E786-4367-87F4-D3B8B6CA4CFD} = {C16C5164-217A-45B1-A08A-B93A10D8DF5D}
		{BCD6EFB3-3CC6-489E-A525-F9D11E3A5846} = {C16C5164-217A-45B1-A08A-B93A10D8DF5D}
		{7A143359-EFF1-46FE-A643-88C669257977} = {C16C5164-217A-45B1-A08A-B93A10D8DF5D}
		{1FFEA1F2-7EE5-4D65-A23E-DD4A2BA9B4AC} = {C16C5164-217A-45B1-A08A-B93A10D8DF5D}
		{3CCE290F-9613-4646-A7E1-5022247107BE} = {C16C5164-217A-45B1-A08A-B93A10D8DF5D}
		{C0091257-AE31-4BF4-ADC1-D06D1B86A54E} = {C16C5164-217A-45B1-A08A-B93A10D8DF5D}
		{E1E84961-0E29-41B1-A886-736C210DC8BB} = {1F64BFDA-91FD-46FC-8271-F4E0B6E9395E}
		{CDD0CB28-1528-428B-95F0-CC88B3C9AFF7} = {C16C5164-217A-45B1-A08A-B93A10D8DF5D}
		{CE6BCB46-C40A-4B59-A668-0B9692FF154B} = {C16C5164-217A-45B1-A08A-B93A10D8DF5D}
		{8090DC59-41FD-4C09-ABF7-DDED4CE5AC3F} = {E1E84961-0E29-41B1-A886-736C210DC8BB}
		{FB09FE80-9AAF-4DE2-9C0A-1BD4D0D80648} = {1F64BFDA-91FD-46FC-8271-F4E0B6E9395E}
		{B998F792-9F55-43CE-87E5-B92C440776A3} = {FB09FE80-9AAF-4DE2-9C0A-1BD4D0D80648}
		{2F7A925F-734F-4654-82A7-CCE0C62EA299} = {B998F792-9F55-43CE-87E5-B92C440776A3}
		{A2EDC8CB-2AE1-4D3D-B35C-CC5DCE275150} = {B998F792-9F55-43CE-87E5-B92C440776A3}
		{000EDCE6-3F72-4D0F-ACCC-EBF523516D21} = {B1890A5F-AC5B-4751-AF37-D53BD6C5A27D}
		{50974FDE-CA31-42DD-878B-0BE0C5791219} = {000EDCE6-3F72-4D0F-ACCC-EBF523516D21}
		{0BEE465C-6A01-4D5D-B51E-6F4D3EDB7F01} = {C16C5164-217A-45B1-A08A-B93A10D8DF5D}
		{A469664A-D588-4D65-BEE2-A18B1174C067} = {C16C5164-217A-45B1-A08A-B93A10D8DF5D}
		{7DC4A366-EFD2-4398-8424-9B0385989FD8} = {C16C5164-217A-45B1-A08A-B93A10D8DF5D}
		{FEE1DCA6-1EDA-4B53-BB17-EDC66277CBBB} = {C16C5164-217A-45B1-A08A-B93A10D8DF5D}
		{4AF0B8DF-F7B9-4D8C-A274-2BB437E7A8C7} = {C16C5164-217A-45B1-A08A-B93A10D8DF5D}
		{559846C6-5B85-425D-903A-E418C939F2B6} = {B998F792-9F55-43CE-87E5-B92C440776A3}
	EndGlobalSection
	GlobalSection(ProjectConfigurationPlatforms) = postSolution
		{825FC975-B6FC-425F-A4F7-DD6226FEDCA8}.Debug|Any CPU.ActiveCfg = Debug|Any CPU
		{825FC975-B6FC-425F-A4F7-DD6226FEDCA8}.Debug|Any CPU.Build.0 = Debug|Any CPU
		{825FC975-B6FC-425F-A4F7-DD6226FEDCA8}.Release|Any CPU.ActiveCfg = Release|Any CPU
		{825FC975-B6FC-425F-A4F7-DD6226FEDCA8}.Release|Any CPU.Build.0 = Release|Any CPU
		{B742D9E6-DC2C-435B-9338-9BE204D34144}.Debug|Any CPU.ActiveCfg = Debug|Any CPU
		{B742D9E6-DC2C-435B-9338-9BE204D34144}.Debug|Any CPU.Build.0 = Debug|Any CPU
		{B742D9E6-DC2C-435B-9338-9BE204D34144}.Release|Any CPU.ActiveCfg = Release|Any CPU
		{B742D9E6-DC2C-435B-9338-9BE204D34144}.Release|Any CPU.Build.0 = Release|Any CPU
		{FE16FFDA-E786-4367-87F4-D3B8B6CA4CFD}.Debug|Any CPU.ActiveCfg = Debug|Any CPU
		{FE16FFDA-E786-4367-87F4-D3B8B6CA4CFD}.Debug|Any CPU.Build.0 = Debug|Any CPU
		{FE16FFDA-E786-4367-87F4-D3B8B6CA4CFD}.Release|Any CPU.ActiveCfg = Release|Any CPU
		{FE16FFDA-E786-4367-87F4-D3B8B6CA4CFD}.Release|Any CPU.Build.0 = Release|Any CPU
		{BCD6EFB3-3CC6-489E-A525-F9D11E3A5846}.Debug|Any CPU.ActiveCfg = Debug|Any CPU
		{BCD6EFB3-3CC6-489E-A525-F9D11E3A5846}.Debug|Any CPU.Build.0 = Debug|Any CPU
		{BCD6EFB3-3CC6-489E-A525-F9D11E3A5846}.Release|Any CPU.ActiveCfg = Release|Any CPU
		{BCD6EFB3-3CC6-489E-A525-F9D11E3A5846}.Release|Any CPU.Build.0 = Release|Any CPU
		{7A143359-EFF1-46FE-A643-88C669257977}.Debug|Any CPU.ActiveCfg = Debug|Any CPU
		{7A143359-EFF1-46FE-A643-88C669257977}.Debug|Any CPU.Build.0 = Debug|Any CPU
		{7A143359-EFF1-46FE-A643-88C669257977}.Release|Any CPU.ActiveCfg = Release|Any CPU
		{7A143359-EFF1-46FE-A643-88C669257977}.Release|Any CPU.Build.0 = Release|Any CPU
		{1FFEA1F2-7EE5-4D65-A23E-DD4A2BA9B4AC}.Debug|Any CPU.ActiveCfg = Debug|Any CPU
		{1FFEA1F2-7EE5-4D65-A23E-DD4A2BA9B4AC}.Debug|Any CPU.Build.0 = Debug|Any CPU
		{1FFEA1F2-7EE5-4D65-A23E-DD4A2BA9B4AC}.Release|Any CPU.ActiveCfg = Release|Any CPU
		{1FFEA1F2-7EE5-4D65-A23E-DD4A2BA9B4AC}.Release|Any CPU.Build.0 = Release|Any CPU
		{3CCE290F-9613-4646-A7E1-5022247107BE}.Debug|Any CPU.ActiveCfg = Debug|Any CPU
		{3CCE290F-9613-4646-A7E1-5022247107BE}.Debug|Any CPU.Build.0 = Debug|Any CPU
		{3CCE290F-9613-4646-A7E1-5022247107BE}.Release|Any CPU.ActiveCfg = Release|Any CPU
		{3CCE290F-9613-4646-A7E1-5022247107BE}.Release|Any CPU.Build.0 = Release|Any CPU
		{C0091257-AE31-4BF4-ADC1-D06D1B86A54E}.Debug|Any CPU.ActiveCfg = Debug|Any CPU
		{C0091257-AE31-4BF4-ADC1-D06D1B86A54E}.Debug|Any CPU.Build.0 = Debug|Any CPU
		{C0091257-AE31-4BF4-ADC1-D06D1B86A54E}.Release|Any CPU.ActiveCfg = Release|Any CPU
		{C0091257-AE31-4BF4-ADC1-D06D1B86A54E}.Release|Any CPU.Build.0 = Release|Any CPU
		{CDD0CB28-1528-428B-95F0-CC88B3C9AFF7}.Debug|Any CPU.ActiveCfg = Debug|Any CPU
		{CDD0CB28-1528-428B-95F0-CC88B3C9AFF7}.Debug|Any CPU.Build.0 = Debug|Any CPU
		{CDD0CB28-1528-428B-95F0-CC88B3C9AFF7}.Release|Any CPU.ActiveCfg = Release|Any CPU
		{CDD0CB28-1528-428B-95F0-CC88B3C9AFF7}.Release|Any CPU.Build.0 = Release|Any CPU
		{CE6BCB46-C40A-4B59-A668-0B9692FF154B}.Debug|Any CPU.ActiveCfg = Debug|Any CPU
		{CE6BCB46-C40A-4B59-A668-0B9692FF154B}.Debug|Any CPU.Build.0 = Debug|Any CPU
		{CE6BCB46-C40A-4B59-A668-0B9692FF154B}.Release|Any CPU.ActiveCfg = Release|Any CPU
		{CE6BCB46-C40A-4B59-A668-0B9692FF154B}.Release|Any CPU.Build.0 = Release|Any CPU
		{8090DC59-41FD-4C09-ABF7-DDED4CE5AC3F}.Debug|Any CPU.ActiveCfg = Debug|Any CPU
		{8090DC59-41FD-4C09-ABF7-DDED4CE5AC3F}.Debug|Any CPU.Build.0 = Debug|Any CPU
		{8090DC59-41FD-4C09-ABF7-DDED4CE5AC3F}.Release|Any CPU.ActiveCfg = Release|Any CPU
		{8090DC59-41FD-4C09-ABF7-DDED4CE5AC3F}.Release|Any CPU.Build.0 = Release|Any CPU
		{2F7A925F-734F-4654-82A7-CCE0C62EA299}.Debug|Any CPU.ActiveCfg = Debug|Any CPU
		{2F7A925F-734F-4654-82A7-CCE0C62EA299}.Debug|Any CPU.Build.0 = Debug|Any CPU
		{2F7A925F-734F-4654-82A7-CCE0C62EA299}.Release|Any CPU.ActiveCfg = Release|Any CPU
		{2F7A925F-734F-4654-82A7-CCE0C62EA299}.Release|Any CPU.Build.0 = Release|Any CPU
		{A2EDC8CB-2AE1-4D3D-B35C-CC5DCE275150}.Debug|Any CPU.ActiveCfg = Debug|Any CPU
		{A2EDC8CB-2AE1-4D3D-B35C-CC5DCE275150}.Debug|Any CPU.Build.0 = Debug|Any CPU
		{A2EDC8CB-2AE1-4D3D-B35C-CC5DCE275150}.Release|Any CPU.ActiveCfg = Release|Any CPU
		{A2EDC8CB-2AE1-4D3D-B35C-CC5DCE275150}.Release|Any CPU.Build.0 = Release|Any CPU
		{50974FDE-CA31-42DD-878B-0BE0C5791219}.Debug|Any CPU.ActiveCfg = Debug|Any CPU
		{50974FDE-CA31-42DD-878B-0BE0C5791219}.Debug|Any CPU.Build.0 = Debug|Any CPU
		{50974FDE-CA31-42DD-878B-0BE0C5791219}.Release|Any CPU.ActiveCfg = Release|Any CPU
		{50974FDE-CA31-42DD-878B-0BE0C5791219}.Release|Any CPU.Build.0 = Release|Any CPU
		{0BEE465C-6A01-4D5D-B51E-6F4D3EDB7F01}.Debug|Any CPU.ActiveCfg = Debug|Any CPU
		{0BEE465C-6A01-4D5D-B51E-6F4D3EDB7F01}.Debug|Any CPU.Build.0 = Debug|Any CPU
		{0BEE465C-6A01-4D5D-B51E-6F4D3EDB7F01}.Release|Any CPU.ActiveCfg = Release|Any CPU
		{0BEE465C-6A01-4D5D-B51E-6F4D3EDB7F01}.Release|Any CPU.Build.0 = Release|Any CPU
		{A469664A-D588-4D65-BEE2-A18B1174C067}.Debug|Any CPU.ActiveCfg = Debug|Any CPU
		{A469664A-D588-4D65-BEE2-A18B1174C067}.Debug|Any CPU.Build.0 = Debug|Any CPU
		{A469664A-D588-4D65-BEE2-A18B1174C067}.Release|Any CPU.ActiveCfg = Release|Any CPU
		{A469664A-D588-4D65-BEE2-A18B1174C067}.Release|Any CPU.Build.0 = Release|Any CPU
		{7DC4A366-EFD2-4398-8424-9B0385989FD8}.Debug|Any CPU.ActiveCfg = Debug|Any CPU
		{7DC4A366-EFD2-4398-8424-9B0385989FD8}.Debug|Any CPU.Build.0 = Debug|Any CPU
		{7DC4A366-EFD2-4398-8424-9B0385989FD8}.Release|Any CPU.ActiveCfg = Release|Any CPU
		{7DC4A366-EFD2-4398-8424-9B0385989FD8}.Release|Any CPU.Build.0 = Release|Any CPU
		{FEE1DCA6-1EDA-4B53-BB17-EDC66277CBBB}.Debug|Any CPU.ActiveCfg = Debug|Any CPU
		{FEE1DCA6-1EDA-4B53-BB17-EDC66277CBBB}.Debug|Any CPU.Build.0 = Debug|Any CPU
		{FEE1DCA6-1EDA-4B53-BB17-EDC66277CBBB}.Release|Any CPU.ActiveCfg = Release|Any CPU
		{FEE1DCA6-1EDA-4B53-BB17-EDC66277CBBB}.Release|Any CPU.Build.0 = Release|Any CPU
		{4AF0B8DF-F7B9-4D8C-A274-2BB437E7A8C7}.Debug|Any CPU.ActiveCfg = Debug|Any CPU
		{4AF0B8DF-F7B9-4D8C-A274-2BB437E7A8C7}.Debug|Any CPU.Build.0 = Debug|Any CPU
		{4AF0B8DF-F7B9-4D8C-A274-2BB437E7A8C7}.Release|Any CPU.ActiveCfg = Release|Any CPU
		{4AF0B8DF-F7B9-4D8C-A274-2BB437E7A8C7}.Release|Any CPU.Build.0 = Release|Any CPU
		{559846C6-5B85-425D-903A-E418C939F2B6}.Debug|Any CPU.ActiveCfg = Debug|Any CPU
		{559846C6-5B85-425D-903A-E418C939F2B6}.Debug|Any CPU.Build.0 = Debug|Any CPU
		{559846C6-5B85-425D-903A-E418C939F2B6}.Release|Any CPU.ActiveCfg = Release|Any CPU
		{559846C6-5B85-425D-903A-E418C939F2B6}.Release|Any CPU.Build.0 = Release|Any CPU
	EndGlobalSection
EndGlobal
