
Microsoft Visual Studio Solution File, Format Version 12.00
Project("{2150E333-8FDC-42A3-9474-1A3956D46DE8}") = "src", "src", "{1F64BFDA-91FD-46FC-8271-F4E0B6E9395E}"
EndProject
Project("{2150E333-8FDC-42A3-9474-1A3956D46DE8}") = "BuildingBlocks", "BuildingBlocks", "{C16C5164-217A-45B1-A08A-B93A10D8DF5D}"
EndProject
Project("{2150E333-8FDC-42A3-9474-1A3956D46DE8}") = "Web", "Web", "{ED2D5321-6B8F-423C-9F29-62EFE87BBF23}"
EndProject
Project("{2150E333-8FDC-42A3-9474-1A3956D46DE8}") = "Tests", "Tests", "{16059E52-FF3E-46EE-B5CF-0D7635D243E1}"
EndProject
Global
	GlobalSection(SolutionConfigurationPlatforms) = preSolution
		Debug|Any CPU = Debug|Any CPU
		Release|Any CPU = Release|Any CPU
	EndGlobalSection
	GlobalSection(NestedProjects) = preSolution
		{C16C5164-217A-45B1-A08A-B93A10D8DF5D} = {1F64BFDA-91FD-46FC-8271-F4E0B6E9395E}
		{ED2D5321-6B8F-423C-9F29-62EFE87BBF23} = {1F64BFDA-91FD-46FC-8271-F4E0B6E9395E}
		{16059E52-FF3E-46EE-B5CF-0D7635D243E1} = {1F64BFDA-91FD-46FC-8271-F4E0B6E9395E}
	EndGlobalSection
	GlobalSection(ProjectConfigurationPlatforms) = postSolution
	EndGlobalSection
EndGlobal
