
Microsoft Visual Studio Solution File, Format Version 12.00
Project("{FAE04EC0-301F-11D3-BF4B-00C04F79EFBC}") = "Toxic.Core", "Toxic.Core\Toxic.Core.csproj", "{B6419779-0BF9-47CB-89F4-DA30B7F2A4B5}"
EndProject
Project("{FAE04EC0-301F-11D3-BF4B-00C04F79EFBC}") = "Toxic.Validation", "Toxic.Validation\Toxic.Validation.csproj", "{72366095-4BD5-4626-A6FA-EB2BE91F0190}"
EndProject
Project("{FAE04EC0-301F-11D3-BF4B-00C04F79EFBC}") = "Toxic.EntityFramework", "Toxic.EntityFramework\Toxic.EntityFramework.csproj", "{F7484476-F201-4078-ACD3-6E2117E989DA}"
EndProject
Project("{FAE04EC0-301F-11D3-BF4B-00C04F79EFBC}") = "Toxic.AspNetCore", "Toxic.AspNetCore\Toxic.AspNetCore.csproj", "{6C6F59D5-3184-48F9-B9FF-1858744815EF}"
EndProject
Project("{FAE04EC0-301F-11D3-BF4B-00C04F79EFBC}") = "Toxic.EventBus", "Toxic.EventBus\Toxic.EventBus.csproj", "{3359BA41-6CFD-4FBC-BC13-0186768BF164}"
EndProject
Global
	GlobalSection(SolutionConfigurationPlatforms) = preSolution
		Debug|Any CPU = Debug|Any CPU
		Release|Any CPU = Release|Any CPU
	EndGlobalSection
	GlobalSection(ProjectConfigurationPlatforms) = postSolution
		{B6419779-0BF9-47CB-89F4-DA30B7F2A4B5}.Debug|Any CPU.ActiveCfg = Debug|Any CPU
		{B6419779-0BF9-47CB-89F4-DA30B7F2A4B5}.Debug|Any CPU.Build.0 = Debug|Any CPU
		{B6419779-0BF9-47CB-89F4-DA30B7F2A4B5}.Release|Any CPU.ActiveCfg = Release|Any CPU
		{B6419779-0BF9-47CB-89F4-DA30B7F2A4B5}.Release|Any CPU.Build.0 = Release|Any CPU
		{72366095-4BD5-4626-A6FA-EB2BE91F0190}.Debug|Any CPU.ActiveCfg = Debug|Any CPU
		{72366095-4BD5-4626-A6FA-EB2BE91F0190}.Debug|Any CPU.Build.0 = Debug|Any CPU
		{72366095-4BD5-4626-A6FA-EB2BE91F0190}.Release|Any CPU.ActiveCfg = Release|Any CPU
		{72366095-4BD5-4626-A6FA-EB2BE91F0190}.Release|Any CPU.Build.0 = Release|Any CPU
		{F7484476-F201-4078-ACD3-6E2117E989DA}.Debug|Any CPU.ActiveCfg = Debug|Any CPU
		{F7484476-F201-4078-ACD3-6E2117E989DA}.Debug|Any CPU.Build.0 = Debug|Any CPU
		{F7484476-F201-4078-ACD3-6E2117E989DA}.Release|Any CPU.ActiveCfg = Release|Any CPU
		{F7484476-F201-4078-ACD3-6E2117E989DA}.Release|Any CPU.Build.0 = Release|Any CPU
		{6C6F59D5-3184-48F9-B9FF-1858744815EF}.Debug|Any CPU.ActiveCfg = Debug|Any CPU
		{6C6F59D5-3184-48F9-B9FF-1858744815EF}.Debug|Any CPU.Build.0 = Debug|Any CPU
		{6C6F59D5-3184-48F9-B9FF-1858744815EF}.Release|Any CPU.ActiveCfg = Release|Any CPU
		{6C6F59D5-3184-48F9-B9FF-1858744815EF}.Release|Any CPU.Build.0 = Release|Any CPU
		{3359BA41-6CFD-4FBC-BC13-0186768BF164}.Debug|Any CPU.ActiveCfg = Debug|Any CPU
		{3359BA41-6CFD-4FBC-BC13-0186768BF164}.Debug|Any CPU.Build.0 = Debug|Any CPU
		{3359BA41-6CFD-4FBC-BC13-0186768BF164}.Release|Any CPU.ActiveCfg = Release|Any CPU
		{3359BA41-6CFD-4FBC-BC13-0186768BF164}.Release|Any CPU.Build.0 = Release|Any CPU
	EndGlobalSection
EndGlobal
